
Microsoft Visual Studio Solution File, Format Version 12.00
# Visual Studio Version 16
VisualStudioVersion = 16.0.31515.178
MinimumVisualStudioVersion = 10.0.40219.1
Project("{2150E333-8FDC-42A3-9474-1A3956D46DE8}") = "Services", "Services", "{09910C99-DCC7-4396-B33A-C40DFC8301BD}"
EndProject
Project("{2150E333-8FDC-42A3-9474-1A3956D46DE8}") = "SalesManager.Availability", "SalesManager.Availability", "{AB825004-3070-45AC-BB2D-FCB5461BB8C7}"
EndProject
Project("{2150E333-8FDC-42A3-9474-1A3956D46DE8}") = "SalesManager.Customers", "SalesManager.Customers", "{BBE84C0F-59EE-4B85-8696-1BA182013657}"
EndProject
Project("{2150E333-8FDC-42A3-9474-1A3956D46DE8}") = "SalesManager.Deliveries", "SalesManager.Deliveries", "{99E3A504-F692-492E-B284-5EE14BF890EA}"
EndProject
Project("{2150E333-8FDC-42A3-9474-1A3956D46DE8}") = "SalesManager.Identity", "SalesManager.Identity", "{958D031C-13B9-4F50-AA1C-094E3CF08B6B}"
EndProject
Project("{2150E333-8FDC-42A3-9474-1A3956D46DE8}") = "SalesManager.Operations", "SalesManager.Operations", "{0F9A57BB-FF28-40F7-B4E8-68EBC4FC8D40}"
EndProject
Project("{2150E333-8FDC-42A3-9474-1A3956D46DE8}") = "SalesManager.OrderMaker", "SalesManager.OrderMaker", "{B91DB545-35BB-4465-8AA1-B4D8F9AF6479}"
EndProject
Project("{2150E333-8FDC-42A3-9474-1A3956D46DE8}") = "SalesManager.Orders", "SalesManager.Orders", "{A46A52DF-958E-44C4-A3BF-C53C927626DF}"
EndProject
Project("{2150E333-8FDC-42A3-9474-1A3956D46DE8}") = "SalesManager.Parcels", "SalesManager.Parcels", "{75362436-F873-4471-8475-E27A55078FA6}"
EndProject
Project("{2150E333-8FDC-42A3-9474-1A3956D46DE8}") = "SalesManager.Pricing", "SalesManager.Pricing", "{602A3C94-19B7-49B0-9A30-3372CD349BF8}"
EndProject
Project("{2150E333-8FDC-42A3-9474-1A3956D46DE8}") = "SalesManager.Vehicles", "SalesManager.Vehicles", "{4F6D1CE3-C7A5-4AE4-B81C-8C5DD5298C48}"
EndProject
Project("{2150E333-8FDC-42A3-9474-1A3956D46DE8}") = "SalesManager.ApiGateway", "SalesManager.ApiGateway", "{345778E4-311C-4E36-AD09-55DB004C3055}"
EndProject
Project("{2150E333-8FDC-42A3-9474-1A3956D46DE8}") = "SalesManager.ApiGateway.Ocelot", "SalesManager.ApiGateway.Ocelot", "{0A920076-C40C-4BEA-AE3D-DBA9D11E8E9B}"
EndProject
Project("{FAE04EC0-301F-11D3-BF4B-00C04F79EFBC}") = "SalesManager.Availability.Application", "Services\SalesManager.Availability\SalesManager.Availability.Application\SalesManager.Availability.Application.csproj", "{4363E6EB-8CE9-46AF-8403-7EF39DF873E9}"
EndProject
Project("{FAE04EC0-301F-11D3-BF4B-00C04F79EFBC}") = "SalesManager.Availability.Core", "Services\SalesManager.Availability\SalesManager.Availability.Core\SalesManager.Availability.Core.csproj", "{85EF9B15-E4BD-4040-A83E-3678C3FB1272}"
EndProject
Project("{FAE04EC0-301F-11D3-BF4B-00C04F79EFBC}") = "SalesManager.Availability.Infrastructure", "Services\SalesManager.Availability\SalesManager.Availability.Infrastructure\SalesManager.Availability.Infrastructure.csproj", "{7C9AE56B-D4E9-4EC0-A568-2E2149E4C163}"
EndProject
Project("{FAE04EC0-301F-11D3-BF4B-00C04F79EFBC}") = "SalesManager.Availability.Api", "Services\SalesManager.Availability\SalesManager.Availability.Api\SalesManager.Availability.Api.csproj", "{1564C923-89DE-4600-A302-AFAE4349B8F3}"
EndProject
Global
	GlobalSection(SolutionConfigurationPlatforms) = preSolution
		Debug|Any CPU = Debug|Any CPU
		Release|Any CPU = Release|Any CPU
	EndGlobalSection
	GlobalSection(ProjectConfigurationPlatforms) = postSolution
		{4363E6EB-8CE9-46AF-8403-7EF39DF873E9}.Debug|Any CPU.ActiveCfg = Debug|Any CPU
		{4363E6EB-8CE9-46AF-8403-7EF39DF873E9}.Debug|Any CPU.Build.0 = Debug|Any CPU
		{4363E6EB-8CE9-46AF-8403-7EF39DF873E9}.Release|Any CPU.ActiveCfg = Release|Any CPU
		{4363E6EB-8CE9-46AF-8403-7EF39DF873E9}.Release|Any CPU.Build.0 = Release|Any CPU
		{85EF9B15-E4BD-4040-A83E-3678C3FB1272}.Debug|Any CPU.ActiveCfg = Debug|Any CPU
		{85EF9B15-E4BD-4040-A83E-3678C3FB1272}.Debug|Any CPU.Build.0 = Debug|Any CPU
		{85EF9B15-E4BD-4040-A83E-3678C3FB1272}.Release|Any CPU.ActiveCfg = Release|Any CPU
		{85EF9B15-E4BD-4040-A83E-3678C3FB1272}.Release|Any CPU.Build.0 = Release|Any CPU
		{7C9AE56B-D4E9-4EC0-A568-2E2149E4C163}.Debug|Any CPU.ActiveCfg = Debug|Any CPU
		{7C9AE56B-D4E9-4EC0-A568-2E2149E4C163}.Debug|Any CPU.Build.0 = Debug|Any CPU
		{7C9AE56B-D4E9-4EC0-A568-2E2149E4C163}.Release|Any CPU.ActiveCfg = Release|Any CPU
		{7C9AE56B-D4E9-4EC0-A568-2E2149E4C163}.Release|Any CPU.Build.0 = Release|Any CPU
		{1564C923-89DE-4600-A302-AFAE4349B8F3}.Debug|Any CPU.ActiveCfg = Debug|Any CPU
		{1564C923-89DE-4600-A302-AFAE4349B8F3}.Debug|Any CPU.Build.0 = Debug|Any CPU
		{1564C923-89DE-4600-A302-AFAE4349B8F3}.Release|Any CPU.ActiveCfg = Release|Any CPU
		{1564C923-89DE-4600-A302-AFAE4349B8F3}.Release|Any CPU.Build.0 = Release|Any CPU
	EndGlobalSection
	GlobalSection(SolutionProperties) = preSolution
		HideSolutionNode = FALSE
	EndGlobalSection
	GlobalSection(NestedProjects) = preSolution
		{AB825004-3070-45AC-BB2D-FCB5461BB8C7} = {09910C99-DCC7-4396-B33A-C40DFC8301BD}
		{BBE84C0F-59EE-4B85-8696-1BA182013657} = {09910C99-DCC7-4396-B33A-C40DFC8301BD}
		{99E3A504-F692-492E-B284-5EE14BF890EA} = {09910C99-DCC7-4396-B33A-C40DFC8301BD}
		{958D031C-13B9-4F50-AA1C-094E3CF08B6B} = {09910C99-DCC7-4396-B33A-C40DFC8301BD}
		{0F9A57BB-FF28-40F7-B4E8-68EBC4FC8D40} = {09910C99-DCC7-4396-B33A-C40DFC8301BD}
		{B91DB545-35BB-4465-8AA1-B4D8F9AF6479} = {09910C99-DCC7-4396-B33A-C40DFC8301BD}
		{A46A52DF-958E-44C4-A3BF-C53C927626DF} = {09910C99-DCC7-4396-B33A-C40DFC8301BD}
		{75362436-F873-4471-8475-E27A55078FA6} = {09910C99-DCC7-4396-B33A-C40DFC8301BD}
		{602A3C94-19B7-49B0-9A30-3372CD349BF8} = {09910C99-DCC7-4396-B33A-C40DFC8301BD}
		{4F6D1CE3-C7A5-4AE4-B81C-8C5DD5298C48} = {09910C99-DCC7-4396-B33A-C40DFC8301BD}
		{345778E4-311C-4E36-AD09-55DB004C3055} = {09910C99-DCC7-4396-B33A-C40DFC8301BD}
		{0A920076-C40C-4BEA-AE3D-DBA9D11E8E9B} = {09910C99-DCC7-4396-B33A-C40DFC8301BD}
		{4363E6EB-8CE9-46AF-8403-7EF39DF873E9} = {AB825004-3070-45AC-BB2D-FCB5461BB8C7}
		{85EF9B15-E4BD-4040-A83E-3678C3FB1272} = {AB825004-3070-45AC-BB2D-FCB5461BB8C7}
		{7C9AE56B-D4E9-4EC0-A568-2E2149E4C163} = {AB825004-3070-45AC-BB2D-FCB5461BB8C7}
		{1564C923-89DE-4600-A302-AFAE4349B8F3} = {AB825004-3070-45AC-BB2D-FCB5461BB8C7}
	EndGlobalSection
	GlobalSection(ExtensibilityGlobals) = postSolution
		SolutionGuid = {07F4E562-35B8-42A6-BA1A-571AF1C88433}
	EndGlobalSection
EndGlobal
