
Microsoft Visual Studio Solution File, Format Version 12.00
# Visual Studio Version 17
VisualStudioVersion = 17.1.31911.260
MinimumVisualStudioVersion = 10.0.40219.1
Project("{2150E333-8FDC-42A3-9474-1A3956D46DE8}") = "Services", "Services", "{09910C99-DCC7-4396-B33A-C40DFC8301BD}"
EndProject
Project("{2150E333-8FDC-42A3-9474-1A3956D46DE8}") = "SalesManager.Availability", "SalesManager.Availability", "{AB825004-3070-45AC-BB2D-FCB5461BB8C7}"
EndProject
Project("{2150E333-8FDC-42A3-9474-1A3956D46DE8}") = "SalesManager.Customers", "SalesManager.Customers", "{BBE84C0F-59EE-4B85-8696-1BA182013657}"
EndProject
Project("{2150E333-8FDC-42A3-9474-1A3956D46DE8}") = "SalesManager.Deliveries", "SalesManager.Deliveries", "{99E3A504-F692-492E-B284-5EE14BF890EA}"
EndProject
Project("{2150E333-8FDC-42A3-9474-1A3956D46DE8}") = "SalesManager.Identity", "SalesManager.Identity", "{958D031C-13B9-4F50-AA1C-094E3CF08B6B}"
EndProject
Project("{2150E333-8FDC-42A3-9474-1A3956D46DE8}") = "SalesManager.Operations", "SalesManager.Operations", "{0F9A57BB-FF28-40F7-B4E8-68EBC4FC8D40}"
EndProject
Project("{2150E333-8FDC-42A3-9474-1A3956D46DE8}") = "SalesManager.OrderMaker", "SalesManager.OrderMaker", "{B91DB545-35BB-4465-8AA1-B4D8F9AF6479}"
EndProject
Project("{2150E333-8FDC-42A3-9474-1A3956D46DE8}") = "SalesManager.Orders", "SalesManager.Orders", "{A46A52DF-958E-44C4-A3BF-C53C927626DF}"
EndProject
Project("{2150E333-8FDC-42A3-9474-1A3956D46DE8}") = "SalesManager.Parcels", "SalesManager.Parcels", "{75362436-F873-4471-8475-E27A55078FA6}"
EndProject
Project("{2150E333-8FDC-42A3-9474-1A3956D46DE8}") = "SalesManager.Pricing", "SalesManager.Pricing", "{602A3C94-19B7-49B0-9A30-3372CD349BF8}"
EndProject
Project("{2150E333-8FDC-42A3-9474-1A3956D46DE8}") = "SalesManager.Vehicles", "SalesManager.Vehicles", "{4F6D1CE3-C7A5-4AE4-B81C-8C5DD5298C48}"
EndProject
Project("{2150E333-8FDC-42A3-9474-1A3956D46DE8}") = "SalesManager.ApiGateway", "SalesManager.ApiGateway", "{345778E4-311C-4E36-AD09-55DB004C3055}"
EndProject
Project("{2150E333-8FDC-42A3-9474-1A3956D46DE8}") = "SalesManager.ApiGateway.Ocelot", "SalesManager.ApiGateway.Ocelot", "{0A920076-C40C-4BEA-AE3D-DBA9D11E8E9B}"
EndProject
Global
	GlobalSection(SolutionProperties) = preSolution
		HideSolutionNode = FALSE
	EndGlobalSection
	GlobalSection(NestedProjects) = preSolution
		{AB825004-3070-45AC-BB2D-FCB5461BB8C7} = {09910C99-DCC7-4396-B33A-C40DFC8301BD}
		{BBE84C0F-59EE-4B85-8696-1BA182013657} = {09910C99-DCC7-4396-B33A-C40DFC8301BD}
		{99E3A504-F692-492E-B284-5EE14BF890EA} = {09910C99-DCC7-4396-B33A-C40DFC8301BD}
		{958D031C-13B9-4F50-AA1C-094E3CF08B6B} = {09910C99-DCC7-4396-B33A-C40DFC8301BD}
		{0F9A57BB-FF28-40F7-B4E8-68EBC4FC8D40} = {09910C99-DCC7-4396-B33A-C40DFC8301BD}
		{B91DB545-35BB-4465-8AA1-B4D8F9AF6479} = {09910C99-DCC7-4396-B33A-C40DFC8301BD}
		{A46A52DF-958E-44C4-A3BF-C53C927626DF} = {09910C99-DCC7-4396-B33A-C40DFC8301BD}
		{75362436-F873-4471-8475-E27A55078FA6} = {09910C99-DCC7-4396-B33A-C40DFC8301BD}
		{602A3C94-19B7-49B0-9A30-3372CD349BF8} = {09910C99-DCC7-4396-B33A-C40DFC8301BD}
		{4F6D1CE3-C7A5-4AE4-B81C-8C5DD5298C48} = {09910C99-DCC7-4396-B33A-C40DFC8301BD}
		{345778E4-311C-4E36-AD09-55DB004C3055} = {09910C99-DCC7-4396-B33A-C40DFC8301BD}
		{0A920076-C40C-4BEA-AE3D-DBA9D11E8E9B} = {09910C99-DCC7-4396-B33A-C40DFC8301BD}
	EndGlobalSection
	GlobalSection(ExtensibilityGlobals) = postSolution
		SolutionGuid = {07F4E562-35B8-42A6-BA1A-571AF1C88433}
	EndGlobalSection
EndGlobal
